
Microsoft Visual Studio Solution File, Format Version 12.00
# Visual Studio Version 17
VisualStudioVersion = 17.8.34525.116
MinimumVisualStudioVersion = 10.0.40219.1
Project("{FAE04EC0-301F-11D3-BF4B-00C04F79EFBC}") = "JsonObjectTyping", "JsonObjectTyping\JsonObjectTyping.csproj", "{C131A658-32B4-44B4-99AA-35FE78042F0E}"
EndProject
Global
	GlobalSection(SolutionConfigurationPlatforms) = preSolution
		Debug|Any CPU = Debug|Any CPU
		Release|Any CPU = Release|Any CPU
	EndGlobalSection
	GlobalSection(ProjectConfigurationPlatforms) = postSolution
		{C131A658-32B4-44B4-99AA-35FE78042F0E}.Debug|Any CPU.ActiveCfg = Debug|Any CPU
		{C131A658-32B4-44B4-99AA-35FE78042F0E}.Debug|Any CPU.Build.0 = Debug|Any CPU
		{C131A658-32B4-44B4-99AA-35FE78042F0E}.Release|Any CPU.ActiveCfg = Release|Any CPU
		{C131A658-32B4-44B4-99AA-35FE78042F0E}.Release|Any CPU.Build.0 = Release|Any CPU
	EndGlobalSection
	GlobalSection(SolutionProperties) = preSolution
		HideSolutionNode = FALSE
	EndGlobalSection
	GlobalSection(ExtensibilityGlobals) = postSolution
		SolutionGuid = {4C90CF09-8F89-4E53-8139-845A2A457ABD}
	EndGlobalSection
EndGlobal
